// !$*UTF8*$!
{
	archiveVersion = 1;
	classes = {
	};
	objectVersion = 50;
	objects = {

/* Begin PBXBuildFile section */
		5275A8422641956A00A477E4 /* practiceApp.swift in Sources */ = {isa = PBXBuildFile; fileRef = 5275A8412641956A00A477E4 /* practiceApp.swift */; };
		5275A8442641956A00A477E4 /* ContentView.swift in Sources */ = {isa = PBXBuildFile; fileRef = 5275A8432641956A00A477E4 /* ContentView.swift */; };
		5275A8462641956C00A477E4 /* Assets.xcassets in Resources */ = {isa = PBXBuildFile; fileRef = 5275A8452641956C00A477E4 /* Assets.xcassets */; };
		5275A8492641956C00A477E4 /* Preview Assets.xcassets in Resources */ = {isa = PBXBuildFile; fileRef = 5275A8482641956C00A477E4 /* Preview Assets.xcassets */; };
		5275A8542641956C00A477E4 /* practiceTests.swift in Sources */ = {isa = PBXBuildFile; fileRef = 5275A8532641956C00A477E4 /* practiceTests.swift */; };
		5275A85F2641956C00A477E4 /* practiceUITests.swift in Sources */ = {isa = PBXBuildFile; fileRef = 5275A85E2641956C00A477E4 /* practiceUITests.swift */; };
/* End PBXBuildFile section */

/* Begin PBXContainerItemProxy section */
		5275A8502641956C00A477E4 /* PBXContainerItemProxy */ = {
			isa = PBXContainerItemProxy;
			containerPortal = 5275A8362641956900A477E4 /* Project object */;
			proxyType = 1;
			remoteGlobalIDString = 5275A83D2641956A00A477E4;
			remoteInfo = practice;
		};
		5275A85B2641956C00A477E4 /* PBXContainerItemProxy */ = {
			isa = PBXContainerItemProxy;
			containerPortal = 5275A8362641956900A477E4 /* Project object */;
			proxyType = 1;
			remoteGlobalIDString = 5275A83D2641956A00A477E4;
			remoteInfo = practice;
		};
/* End PBXContainerItemProxy section */

/* Begin PBXFileReference section */
		5275A83E2641956A00A477E4 /* practice.app */ = {isa = PBXFileReference; explicitFileType = wrapper.application; includeInIndex = 0; path = practice.app; sourceTree = BUILT_PRODUCTS_DIR; };
		5275A8412641956A00A477E4 /* practiceApp.swift */ = {isa = PBXFileReference; lastKnownFileType = sourcecode.swift; path = practiceApp.swift; sourceTree = "<group>"; };
		5275A8432641956A00A477E4 /* ContentView.swift */ = {isa = PBXFileReference; lastKnownFileType = sourcecode.swift; path = ContentView.swift; sourceTree = "<group>"; };
		5275A8452641956C00A477E4 /* Assets.xcassets */ = {isa = PBXFileReference; lastKnownFileType = folder.assetcatalog; path = Assets.xcassets; sourceTree = "<group>"; };
		5275A8482641956C00A477E4 /* Preview Assets.xcassets */ = {isa = PBXFileReference; lastKnownFileType = folder.assetcatalog; path = "Preview Assets.xcassets"; sourceTree = "<group>"; };
		5275A84A2641956C00A477E4 /* Info.plist */ = {isa = PBXFileReference; lastKnownFileType = text.plist.xml; path = Info.plist; sourceTree = "<group>"; };
		5275A84F2641956C00A477E4 /* practiceTests.xctest */ = {isa = PBXFileReference; explicitFileType = wrapper.cfbundle; includeInIndex = 0; path = practiceTests.xctest; sourceTree = BUILT_PRODUCTS_DIR; };
		5275A8532641956C00A477E4 /* practiceTests.swift */ = {isa = PBXFileReference; lastKnownFileType = sourcecode.swift; path = practiceTests.swift; sourceTree = "<group>"; };
		5275A8552641956C00A477E4 /* Info.plist */ = {isa = PBXFileReference; lastKnownFileType = text.plist.xml; path = Info.plist; sourceTree = "<group>"; };
		5275A85A2641956C00A477E4 /* practiceUITests.xctest */ = {isa = PBXFileReference; explicitFileType = wrapper.cfbundle; includeInIndex = 0; path = practiceUITests.xctest; sourceTree = BUILT_PRODUCTS_DIR; };
		5275A85E2641956C00A477E4 /* practiceUITests.swift */ = {isa = PBXFileReference; lastKnownFileType = sourcecode.swift; path = practiceUITests.swift; sourceTree = "<group>"; };
		5275A8602641956C00A477E4 /* Info.plist */ = {isa = PBXFileReference; lastKnownFileType = text.plist.xml; path = Info.plist; sourceTree = "<group>"; };
/* End PBXFileReference section */

/* Begin PBXFrameworksBuildPhase section */
		5275A83B2641956A00A477E4 /* Frameworks */ = {
			isa = PBXFrameworksBuildPhase;
			buildActionMask = 2147483647;
			files = (
			);
			runOnlyForDeploymentPostprocessing = 0;
		};
		5275A84C2641956C00A477E4 /* Frameworks */ = {
			isa = PBXFrameworksBuildPhase;
			buildActionMask = 2147483647;
			files = (
			);
			runOnlyForDeploymentPostprocessing = 0;
		};
		5275A8572641956C00A477E4 /* Frameworks */ = {
			isa = PBXFrameworksBuildPhase;
			buildActionMask = 2147483647;
			files = (
			);
			runOnlyForDeploymentPostprocessing = 0;
		};
/* End PBXFrameworksBuildPhase section */

/* Begin PBXGroup section */
		5275A8352641956900A477E4 = {
			isa = PBXGroup;
			children = (
				5275A8402641956A00A477E4 /* practice */,
				5275A8522641956C00A477E4 /* practiceTests */,
				5275A85D2641956C00A477E4 /* practiceUITests */,
				5275A83F2641956A00A477E4 /* Products */,
			);
			sourceTree = "<group>";
		};
		5275A83F2641956A00A477E4 /* Products */ = {
			isa = PBXGroup;
			children = (
				5275A83E2641956A00A477E4 /* practice.app */,
				5275A84F2641956C00A477E4 /* practiceTests.xctest */,
				5275A85A2641956C00A477E4 /* practiceUITests.xctest */,
			);
			name = Products;
			sourceTree = "<group>";
		};
		5275A8402641956A00A477E4 /* practice */ = {
			isa = PBXGroup;
			children = (
				5275A8412641956A00A477E4 /* practiceApp.swift */,
				5275A8432641956A00A477E4 /* ContentView.swift */,
				5275A8452641956C00A477E4 /* Assets.xcassets */,
				5275A84A2641956C00A477E4 /* Info.plist */,
				5275A8472641956C00A477E4 /* Preview Content */,
			);
			path = practice;
			sourceTree = "<group>";
		};
		5275A8472641956C00A477E4 /* Preview Content */ = {
			isa = PBXGroup;
			children = (
				5275A8482641956C00A477E4 /* Preview Assets.xcassets */,
			);
			path = "Preview Content";
			sourceTree = "<group>";
		};
		5275A8522641956C00A477E4 /* practiceTests */ = {
			isa = PBXGroup;
			children = (
				5275A8532641956C00A477E4 /* practiceTests.swift */,
				5275A8552641956C00A477E4 /* Info.plist */,
			);
			path = practiceTests;
			sourceTree = "<group>";
		};
		5275A85D2641956C00A477E4 /* practiceUITests */ = {
			isa = PBXGroup;
			children = (
				5275A85E2641956C00A477E4 /* practiceUITests.swift */,
				5275A8602641956C00A477E4 /* Info.plist */,
			);
			path = practiceUITests;
			sourceTree = "<group>";
		};
/* End PBXGroup section */

/* Begin PBXNativeTarget section */
		5275A83D2641956A00A477E4 /* practice */ = {
			isa = PBXNativeTarget;
			buildConfigurationList = 5275A8632641956C00A477E4 /* Build configuration list for PBXNativeTarget "practice" */;
			buildPhases = (
				5275A83A2641956A00A477E4 /* Sources */,
				5275A83B2641956A00A477E4 /* Frameworks */,
				5275A83C2641956A00A477E4 /* Resources */,
			);
			buildRules = (
			);
			dependencies = (
			);
			name = practice;
			productName = practice;
			productReference = 5275A83E2641956A00A477E4 /* practice.app */;
			productType = "com.apple.product-type.application";
		};
		5275A84E2641956C00A477E4 /* practiceTests */ = {
			isa = PBXNativeTarget;
			buildConfigurationList = 5275A8662641956C00A477E4 /* Build configuration list for PBXNativeTarget "practiceTests" */;
			buildPhases = (
				5275A84B2641956C00A477E4 /* Sources */,
				5275A84C2641956C00A477E4 /* Frameworks */,
				5275A84D2641956C00A477E4 /* Resources */,
			);
			buildRules = (
			);
			dependencies = (
				5275A8512641956C00A477E4 /* PBXTargetDependency */,
			);
			name = practiceTests;
			productName = practiceTests;
			productReference = 5275A84F2641956C00A477E4 /* practiceTests.xctest */;
			productType = "com.apple.product-type.bundle.unit-test";
		};
		5275A8592641956C00A477E4 /* practiceUITests */ = {
			isa = PBXNativeTarget;
			buildConfigurationList = 5275A8692641956C00A477E4 /* Build configuration list for PBXNativeTarget "practiceUITests" */;
			buildPhases = (
				5275A8562641956C00A477E4 /* Sources */,
				5275A8572641956C00A477E4 /* Frameworks */,
				5275A8582641956C00A477E4 /* Resources */,
			);
			buildRules = (
			);
			dependencies = (
				5275A85C2641956C00A477E4 /* PBXTargetDependency */,
			);
			name = practiceUITests;
			productName = practiceUITests;
			productReference = 5275A85A2641956C00A477E4 /* practiceUITests.xctest */;
			productType = "com.apple.product-type.bundle.ui-testing";
		};
/* End PBXNativeTarget section */

/* Begin PBXProject section */
		5275A8362641956900A477E4 /* Project object */ = {
			isa = PBXProject;
			attributes = {
				LastSwiftUpdateCheck = 1240;
				LastUpgradeCheck = 1240;
				TargetAttributes = {
					5275A83D2641956A00A477E4 = {
						CreatedOnToolsVersion = 12.4;
					};
					5275A84E2641956C00A477E4 = {
						CreatedOnToolsVersion = 12.4;
						TestTargetID = 5275A83D2641956A00A477E4;
					};
					5275A8592641956C00A477E4 = {
						CreatedOnToolsVersion = 12.4;
						TestTargetID = 5275A83D2641956A00A477E4;
					};
				};
			};
			buildConfigurationList = 5275A8392641956900A477E4 /* Build configuration list for PBXProject "practice" */;
			compatibilityVersion = "Xcode 9.3";
			developmentRegion = en;
			hasScannedForEncodings = 0;
			knownRegions = (
				en,
				Base,
			);
			mainGroup = 5275A8352641956900A477E4;
			productRefGroup = 5275A83F2641956A00A477E4 /* Products */;
			projectDirPath = "";
			projectRoot = "";
			targets = (
				5275A83D2641956A00A477E4 /* practice */,
				5275A84E2641956C00A477E4 /* practiceTests */,
				5275A8592641956C00A477E4 /* practiceUITests */,
			);
		};
/* End PBXProject section */

/* Begin PBXResourcesBuildPhase section */
		5275A83C2641956A00A477E4 /* Resources */ = {
			isa = PBXResourcesBuildPhase;
			buildActionMask = 2147483647;
			files = (
				5275A8492641956C00A477E4 /* Preview Assets.xcassets in Resources */,
				5275A8462641956C00A477E4 /* Assets.xcassets in Resources */,
			);
			runOnlyForDeploymentPostprocessing = 0;
		};
		5275A84D2641956C00A477E4 /* Resources */ = {
			isa = PBXResourcesBuildPhase;
			buildActionMask = 2147483647;
			files = (
			);
			runOnlyForDeploymentPostprocessing = 0;
		};
		5275A8582641956C00A477E4 /* Resources */ = {
			isa = PBXResourcesBuildPhase;
			buildActionMask = 2147483647;
			files = (
			);
			runOnlyForDeploymentPostprocessing = 0;
		};
/* End PBXResourcesBuildPhase section */

/* Begin PBXSourcesBuildPhase section */
		5275A83A2641956A00A477E4 /* Sources */ = {
			isa = PBXSourcesBuildPhase;
			buildActionMask = 2147483647;
			files = (
				5275A8442641956A00A477E4 /* ContentView.swift in Sources */,
				5275A8422641956A00A477E4 /* practiceApp.swift in Sources */,
			);
			runOnlyForDeploymentPostprocessing = 0;
		};
		5275A84B2641956C00A477E4 /* Sources */ = {
			isa = PBXSourcesBuildPhase;
			buildActionMask = 2147483647;
			files = (
				5275A8542641956C00A477E4 /* practiceTests.swift in Sources */,
			);
			runOnlyForDeploymentPostprocessing = 0;
		};
		5275A8562641956C00A477E4 /* Sources */ = {
			isa = PBXSourcesBuildPhase;
			buildActionMask = 2147483647;
			files = (
				5275A85F2641956C00A477E4 /* practiceUITests.swift in Sources */,
			);
			runOnlyForDeploymentPostprocessing = 0;
		};
/* End PBXSourcesBuildPhase section */

/* Begin PBXTargetDependency section */
		5275A8512641956C00A477E4 /* PBXTargetDependency */ = {
			isa = PBXTargetDependency;
			target = 5275A83D2641956A00A477E4 /* practice */;
			targetProxy = 5275A8502641956C00A477E4 /* PBXContainerItemProxy */;
		};
		5275A85C2641956C00A477E4 /* PBXTargetDependency */ = {
			isa = PBXTargetDependency;
			target = 5275A83D2641956A00A477E4 /* practice */;
			targetProxy = 5275A85B2641956C00A477E4 /* PBXContainerItemProxy */;
		};
/* End PBXTargetDependency section */

/* Begin XCBuildConfiguration section */
		5275A8612641956C00A477E4 /* Debug */ = {
			isa = XCBuildConfiguration;
			buildSettings = {
				ALWAYS_SEARCH_USER_PATHS = NO;
				CLANG_ANALYZER_NONNULL = YES;
				CLANG_ANALYZER_NUMBER_OBJECT_CONVERSION = YES_AGGRESSIVE;
				CLANG_CXX_LANGUAGE_STANDARD = "gnu++14";
				CLANG_CXX_LIBRARY = "libc++";
				CLANG_ENABLE_MODULES = YES;
				CLANG_ENABLE_OBJC_ARC = YES;
				CLANG_ENABLE_OBJC_WEAK = YES;
				CLANG_WARN_BLOCK_CAPTURE_AUTORELEASING = YES;
				CLANG_WARN_BOOL_CONVERSION = YES;
				CLANG_WARN_COMMA = YES;
				CLANG_WARN_CONSTANT_CONVERSION = YES;
				CLANG_WARN_DEPRECATED_OBJC_IMPLEMENTATIONS = YES;
				CLANG_WARN_DIRECT_OBJC_ISA_USAGE = YES_ERROR;
				CLANG_WARN_DOCUMENTATION_COMMENTS = YES;
				CLANG_WARN_EMPTY_BODY = YES;
				CLANG_WARN_ENUM_CONVERSION = YES;
				CLANG_WARN_INFINITE_RECURSION = YES;
				CLANG_WARN_INT_CONVERSION = YES;
				CLANG_WARN_NON_LITERAL_NULL_CONVERSION = YES;
				CLANG_WARN_OBJC_IMPLICIT_RETAIN_SELF = YES;
				CLANG_WARN_OBJC_LITERAL_CONVERSION = YES;
				CLANG_WARN_OBJC_ROOT_CLASS = YES_ERROR;
				CLANG_WARN_QUOTED_INCLUDE_IN_FRAMEWORK_HEADER = YES;
				CLANG_WARN_RANGE_LOOP_ANALYSIS = YES;
				CLANG_WARN_STRICT_PROTOTYPES = YES;
				CLANG_WARN_SUSPICIOUS_MOVE = YES;
				CLANG_WARN_UNGUARDED_AVAILABILITY = YES_AGGRESSIVE;
				CLANG_WARN_UNREACHABLE_CODE = YES;
				CLANG_WARN__DUPLICATE_METHOD_MATCH = YES;
				COPY_PHASE_STRIP = NO;
				DEBUG_INFORMATION_FORMAT = dwarf;
				ENABLE_STRICT_OBJC_MSGSEND = YES;
				ENABLE_TESTABILITY = YES;
				GCC_C_LANGUAGE_STANDARD = gnu11;
				GCC_DYNAMIC_NO_PIC = NO;
				GCC_NO_COMMON_BLOCKS = YES;
				GCC_OPTIMIZATION_LEVEL = 0;
				GCC_PREPROCESSOR_DEFINITIONS = (
					"DEBUG=1",
					"$(inherited)",
				);
				GCC_WARN_64_TO_32_BIT_CONVERSION = YES;
				GCC_WARN_ABOUT_RETURN_TYPE = YES_ERROR;
				GCC_WARN_UNDECLARED_SELECTOR = YES;
				GCC_WARN_UNINITIALIZED_AUTOS = YES_AGGRESSIVE;
				GCC_WARN_UNUSED_FUNCTION = YES;
				GCC_WARN_UNUSED_VARIABLE = YES;
				IPHONEOS_DEPLOYMENT_TARGET = 14.4;
				MTL_ENABLE_DEBUG_INFO = INCLUDE_SOURCE;
				MTL_FAST_MATH = YES;
				ONLY_ACTIVE_ARCH = YES;
				SDKROOT = iphoneos;
				SWIFT_ACTIVE_COMPILATION_CONDITIONS = DEBUG;
				SWIFT_OPTIMIZATION_LEVEL = "-Onone";
			};
			name = Debug;
		};
		5275A8622641956C00A477E4 /* Release */ = {
			isa = XCBuildConfiguration;
			buildSettings = {
				ALWAYS_SEARCH_USER_PATHS = NO;
				CLANG_ANALYZER_NONNULL = YES;
				CLANG_ANALYZER_NUMBER_OBJECT_CONVERSION = YES_AGGRESSIVE;
				CLANG_CXX_LANGUAGE_STANDARD = "gnu++14";
				CLANG_CXX_LIBRARY = "libc++";
				CLANG_ENABLE_MODULES = YES;
				CLANG_ENABLE_OBJC_ARC = YES;
				CLANG_ENABLE_OBJC_WEAK = YES;
				CLANG_WARN_BLOCK_CAPTURE_AUTORELEASING = YES;
				CLANG_WARN_BOOL_CONVERSION = YES;
				CLANG_WARN_COMMA = YES;
				CLANG_WARN_CONSTANT_CONVERSION = YES;
				CLANG_WARN_DEPRECATED_OBJC_IMPLEMENTATIONS = YES;
				CLANG_WARN_DIRECT_OBJC_ISA_USAGE = YES_ERROR;
				CLANG_WARN_DOCUMENTATION_COMMENTS = YES;
				CLANG_WARN_EMPTY_BODY = YES;
				CLANG_WARN_ENUM_CONVERSION = YES;
				CLANG_WARN_INFINITE_RECURSION = YES;
				CLANG_WARN_INT_CONVERSION = YES;
				CLANG_WARN_NON_LITERAL_NULL_CONVERSION = YES;
				CLANG_WARN_OBJC_IMPLICIT_RETAIN_SELF = YES;
				CLANG_WARN_OBJC_LITERAL_CONVERSION = YES;
				CLANG_WARN_OBJC_ROOT_CLASS = YES_ERROR;
				CLANG_WARN_QUOTED_INCLUDE_IN_FRAMEWORK_HEADER = YES;
				CLANG_WARN_RANGE_LOOP_ANALYSIS = YES;
				CLANG_WARN_STRICT_PROTOTYPES = YES;
				CLANG_WARN_SUSPICIOUS_MOVE = YES;
				CLANG_WARN_UNGUARDED_AVAILABILITY = YES_AGGRESSIVE;
				CLANG_WARN_UNREACHABLE_CODE = YES;
				CLANG_WARN__DUPLICATE_METHOD_MATCH = YES;
				COPY_PHASE_STRIP = NO;
				DEBUG_INFORMATION_FORMAT = "dwarf-with-dsym";
				ENABLE_NS_ASSERTIONS = NO;
				ENABLE_STRICT_OBJC_MSGSEND = YES;
				GCC_C_LANGUAGE_STANDARD = gnu11;
				GCC_NO_COMMON_BLOCKS = YES;
				GCC_WARN_64_TO_32_BIT_CONVERSION = YES;
				GCC_WARN_ABOUT_RETURN_TYPE = YES_ERROR;
				GCC_WARN_UNDECLARED_SELECTOR = YES;
				GCC_WARN_UNINITIALIZED_AUTOS = YES_AGGRESSIVE;
				GCC_WARN_UNUSED_FUNCTION = YES;
				GCC_WARN_UNUSED_VARIABLE = YES;
				IPHONEOS_DEPLOYMENT_TARGET = 14.4;
				MTL_ENABLE_DEBUG_INFO = NO;
				MTL_FAST_MATH = YES;
				SDKROOT = iphoneos;
				SWIFT_COMPILATION_MODE = wholemodule;
				SWIFT_OPTIMIZATION_LEVEL = "-O";
				VALIDATE_PRODUCT = YES;
			};
			name = Release;
		};
		5275A8642641956C00A477E4 /* Debug */ = {
			isa = XCBuildConfiguration;
			buildSettings = {
				ASSETCATALOG_COMPILER_APPICON_NAME = AppIcon;
				ASSETCATALOG_COMPILER_GLOBAL_ACCENT_COLOR_NAME = AccentColor;
				CODE_SIGN_STYLE = Automatic;
				DEVELOPMENT_ASSET_PATHS = "\"practice/Preview Content\"";
				ENABLE_PREVIEWS = YES;
				INFOPLIST_FILE = practice/Info.plist;
				IPHONEOS_DEPLOYMENT_TARGET = 14.0;
				LD_RUNPATH_SEARCH_PATHS = (
					"$(inherited)",
					"@executable_path/Frameworks",
				);
				PRODUCT_BUNDLE_IDENTIFIER = pp.practice.practice;
				PRODUCT_NAME = "$(TARGET_NAME)";
				SWIFT_VERSION = 5.0;
				TARGETED_DEVICE_FAMILY = "1,2";
			};
			name = Debug;
		};
		5275A8652641956C00A477E4 /* Release */ = {
			isa = XCBuildConfiguration;
			buildSettings = {
				ASSETCATALOG_COMPILER_APPICON_NAME = AppIcon;
				ASSETCATALOG_COMPILER_GLOBAL_ACCENT_COLOR_NAME = AccentColor;
				CODE_SIGN_STYLE = Automatic;
				DEVELOPMENT_ASSET_PATHS = "\"practice/Preview Content\"";
				ENABLE_PREVIEWS = YES;
				INFOPLIST_FILE = practice/Info.plist;
				IPHONEOS_DEPLOYMENT_TARGET = 14.0;
				LD_RUNPATH_SEARCH_PATHS = (
					"$(inherited)",
					"@executable_path/Frameworks",
				);
				PRODUCT_BUNDLE_IDENTIFIER = pp.practice.practice;
				PRODUCT_NAME = "$(TARGET_NAME)";
				SWIFT_VERSION = 5.0;
				TARGETED_DEVICE_FAMILY = "1,2";
			};
			name = Release;
		};
		5275A8672641956C00A477E4 /* Debug */ = {
			isa = XCBuildConfiguration;
			buildSettings = {
				ALWAYS_EMBED_SWIFT_STANDARD_LIBRARIES = YES;
				BUNDLE_LOADER = "$(TEST_HOST)";
				CODE_SIGN_STYLE = Automatic;
				INFOPLIST_FILE = practiceTests/Info.plist;
				IPHONEOS_DEPLOYMENT_TARGET = 14.0;
				LD_RUNPATH_SEARCH_PATHS = (
					"$(inherited)",
					"@executable_path/Frameworks",
					"@loader_path/Frameworks",
				);
				PRODUCT_BUNDLE_IDENTIFIER = pp.practice.practiceTests;
				PRODUCT_NAME = "$(TARGET_NAME)";
				SWIFT_VERSION = 5.0;
				TARGETED_DEVICE_FAMILY = "1,2";
				TEST_HOST = "$(BUILT_PRODUCTS_DIR)/practice.app/practice";
			};
			name = Debug;
		};
		5275A8682641956C00A477E4 /* Release */ = {
			isa = XCBuildConfiguration;
			buildSettings = {
				ALWAYS_EMBED_SWIFT_STANDARD_LIBRARIES = YES;
				BUNDLE_LOADER = "$(TEST_HOST)";
				CODE_SIGN_STYLE = Automatic;
				INFOPLIST_FILE = practiceTests/Info.plist;
				IPHONEOS_DEPLOYMENT_TARGET = 14.0;
				LD_RUNPATH_SEARCH_PATHS = (
					"$(inherited)",
					"@executable_path/Frameworks",
					"@loader_path/Frameworks",
				);
				PRODUCT_BUNDLE_IDENTIFIER = pp.practice.practiceTests;
				PRODUCT_NAME = "$(TARGET_NAME)";
				SWIFT_VERSION = 5.0;
				TARGETED_DEVICE_FAMILY = "1,2";
				TEST_HOST = "$(BUILT_PRODUCTS_DIR)/practice.app/practice";
			};
			name = Release;
		};
		5275A86A2641956C00A477E4 /* Debug */ = {
			isa = XCBuildConfiguration;
			buildSettings = {
				ALWAYS_EMBED_SWIFT_STANDARD_LIBRARIES = YES;
				CODE_SIGN_STYLE = Automatic;
				INFOPLIST_FILE = practiceUITests/Info.plist;
				LD_RUNPATH_SEARCH_PATHS = (
					"$(inherited)",
					"@executable_path/Frameworks",
					"@loader_path/Frameworks",
				);
				PRODUCT_BUNDLE_IDENTIFIER = pp.practice.practiceUITests;
				PRODUCT_NAME = "$(TARGET_NAME)";
				SWIFT_VERSION = 5.0;
				TARGETED_DEVICE_FAMILY = "1,2";
				TEST_TARGET_NAME = practice;
			};
			name = Debug;
		};
		5275A86B2641956C00A477E4 /* Release */ = {
			isa = XCBuildConfiguration;
			buildSettings = {
				ALWAYS_EMBED_SWIFT_STANDARD_LIBRARIES = YES;
				CODE_SIGN_STYLE = Automatic;
				INFOPLIST_FILE = practiceUITests/Info.plist;
				LD_RUNPATH_SEARCH_PATHS = (
					"$(inherited)",
					"@executable_path/Frameworks",
					"@loader_path/Frameworks",
				);
				PRODUCT_BUNDLE_IDENTIFIER = pp.practice.practiceUITests;
				PRODUCT_NAME = "$(TARGET_NAME)";
				SWIFT_VERSION = 5.0;
				TARGETED_DEVICE_FAMILY = "1,2";
				TEST_TARGET_NAME = practice;
			};
			name = Release;
		};
/* End XCBuildConfiguration section */

/* Begin XCConfigurationList section */
		5275A8392641956900A477E4 /* Build configuration list for PBXProject "practice" */ = {
			isa = XCConfigurationList;
			buildConfigurations = (
				5275A8612641956C00A477E4 /* Debug */,
				5275A8622641956C00A477E4 /* Release */,
			);
			defaultConfigurationIsVisible = 0;
			defaultConfigurationName = Release;
		};
		5275A8632641956C00A477E4 /* Build configuration list for PBXNativeTarget "practice" */ = {
			isa = XCConfigurationList;
			buildConfigurations = (
				5275A8642641956C00A477E4 /* Debug */,
				5275A8652641956C00A477E4 /* Release */,
			);
			defaultConfigurationIsVisible = 0;
			defaultConfigurationName = Release;
		};
		5275A8662641956C00A477E4 /* Build configuration list for PBXNativeTarget "practiceTests" */ = {
			isa = XCConfigurationList;
			buildConfigurations = (
				5275A8672641956C00A477E4 /* Debug */,
				5275A8682641956C00A477E4 /* Release */,
			);
			defaultConfigurationIsVisible = 0;
			defaultConfigurationName = Release;
		};
		5275A8692641956C00A477E4 /* Build configuration list for PBXNativeTarget "practiceUITests" */ = {
			isa = XCConfigurationList;
			buildConfigurations = (
				5275A86A2641956C00A477E4 /* Debug */,
				5275A86B2641956C00A477E4 /* Release */,
			);
			defaultConfigurationIsVisible = 0;
			defaultConfigurationName = Release;
		};
/* End XCConfigurationList section */
	};
	rootObject = 5275A8362641956900A477E4 /* Project object */;
}
